// !$*UTF8*$!
{
	archiveVersion = 1;
	classes = {
	};
	objectVersion = 77;
	objects = {

/* Begin PBXBuildFile section */
		010B29992E3EDB0700813938 /* FirebaseAuth in Frameworks */ = {isa = PBXBuildFile; productRef = 010B29982E3EDB0700813938 /* FirebaseAuth */; };
		010B299B2E3EDB0700813938 /* FirebaseDatabase in Frameworks */ = {isa = PBXBuildFile; productRef = 010B299A2E3EDB0700813938 /* FirebaseDatabase */; };
/* End PBXBuildFile section */

/* Begin PBXContainerItemProxy section */
		010B29702E3ED6F700813938 /* PBXContainerItemProxy */ = {
			isa = PBXContainerItemProxy;
			containerPortal = 010B29512E3ED6F500813938 /* Project object */;
			proxyType = 1;
			remoteGlobalIDString = 010B29582E3ED6F500813938;
			remoteInfo = Donateables;
		};
		010B297A2E3ED6F700813938 /* PBXContainerItemProxy */ = {
			isa = PBXContainerItemProxy;
			containerPortal = 010B29512E3ED6F500813938 /* Project object */;
			proxyType = 1;
			remoteGlobalIDString = 010B29582E3ED6F500813938;
			remoteInfo = Donateables;
		};
/* End PBXContainerItemProxy section */

/* Begin PBXFileReference section */
		010B29592E3ED6F500813938 /* Donateables.app */ = {isa = PBXFileReference; explicitFileType = wrapper.application; includeInIndex = 0; path = Donateables.app; sourceTree = BUILT_PRODUCTS_DIR; };
		010B296F2E3ED6F700813938 /* DonateablesTests.xctest */ = {isa = PBXFileReference; explicitFileType = wrapper.cfbundle; includeInIndex = 0; path = DonateablesTests.xctest; sourceTree = BUILT_PRODUCTS_DIR; };
		010B29792E3ED6F700813938 /* DonateablesUITests.xctest */ = {isa = PBXFileReference; explicitFileType = wrapper.cfbundle; includeInIndex = 0; path = DonateablesUITests.xctest; sourceTree = BUILT_PRODUCTS_DIR; };
/* End PBXFileReference section */

/* Begin PBXFileSystemSynchronizedBuildFileExceptionSet section */
		010B29812E3ED6F700813938 /* Exceptions for "Donateables" folder in "Donateables" target */ = {
			isa = PBXFileSystemSynchronizedBuildFileExceptionSet;
			membershipExceptions = (
				Info.plist,
			);
			target = 010B29582E3ED6F500813938 /* Donateables */;
		};
/* End PBXFileSystemSynchronizedBuildFileExceptionSet section */

/* Begin PBXFileSystemSynchronizedRootGroup section */
		010B295B2E3ED6F500813938 /* Donateables */ = {
			isa = PBXFileSystemSynchronizedRootGroup;
			exceptions = (
				010B29812E3ED6F700813938 /* Exceptions for "Donateables" folder in "Donateables" target */,
			);
			path = Donateables;
			sourceTree = "<group>";
		};
		010B29722E3ED6F700813938 /* DonateablesTests */ = {
			isa = PBXFileSystemSynchronizedRootGroup;
			path = DonateablesTests;
			sourceTree = "<group>";
		};
		010B297C2E3ED6F700813938 /* DonateablesUITests */ = {
			isa = PBXFileSystemSynchronizedRootGroup;
			path = DonateablesUITests;
			sourceTree = "<group>";
		};
/* End PBXFileSystemSynchronizedRootGroup section */

/* Begin PBXFrameworksBuildPhase section */
		010B29562E3ED6F500813938 /* Frameworks */ = {
			isa = PBXFrameworksBuildPhase;
			buildActionMask = 2147483647;
			files = (
				010B299B2E3EDB0700813938 /* FirebaseDatabase in Frameworks */,
				010B29992E3EDB0700813938 /* FirebaseAuth in Frameworks */,
			);
			runOnlyForDeploymentPostprocessing = 0;
		};
		010B296C2E3ED6F700813938 /* Frameworks */ = {
			isa = PBXFrameworksBuildPhase;
			buildActionMask = 2147483647;
			files = (
			);
			runOnlyForDeploymentPostprocessing = 0;
		};
		010B29762E3ED6F700813938 /* Frameworks */ = {
			isa = PBXFrameworksBuildPhase;
			buildActionMask = 2147483647;
			files = (
			);
			runOnlyForDeploymentPostprocessing = 0;
		};
/* End PBXFrameworksBuildPhase section */

/* Begin PBXGroup section */
		010B29502E3ED6F500813938 = {
			isa = PBXGroup;
			children = (
				010B295B2E3ED6F500813938 /* Donateables */,
				010B29722E3ED6F700813938 /* DonateablesTests */,
				010B297C2E3ED6F700813938 /* DonateablesUITests */,
				010B295A2E3ED6F500813938 /* Products */,
			);
			sourceTree = "<group>";
		};
		010B295A2E3ED6F500813938 /* Products */ = {
			isa = PBXGroup;
			children = (
				010B29592E3ED6F500813938 /* Donateables.app */,
				010B296F2E3ED6F700813938 /* DonateablesTests.xctest */,
				010B29792E3ED6F700813938 /* DonateablesUITests.xctest */,
			);
			name = Products;
			sourceTree = "<group>";
		};
/* End PBXGroup section */

/* Begin PBXNativeTarget section */
		010B29582E3ED6F500813938 /* Donateables */ = {
			isa = PBXNativeTarget;
			buildConfigurationList = 010B29822E3ED6F700813938 /* Build configuration list for PBXNativeTarget "Donateables" */;
			buildPhases = (
				010B29552E3ED6F500813938 /* Sources */,
				010B29562E3ED6F500813938 /* Frameworks */,
				010B29572E3ED6F500813938 /* Resources */,
			);
			buildRules = (
			);
			dependencies = (
			);
			fileSystemSynchronizedGroups = (
				010B295B2E3ED6F500813938 /* Donateables */,
			);
			name = Donateables;
			packageProductDependencies = (
				010B29982E3EDB0700813938 /* FirebaseAuth */,
				010B299A2E3EDB0700813938 /* FirebaseDatabase */,
			);
			productName = Donateables;
			productReference = 010B29592E3ED6F500813938 /* Donateables.app */;
			productType = "com.apple.product-type.application";
		};
		010B296E2E3ED6F700813938 /* DonateablesTests */ = {
			isa = PBXNativeTarget;
			buildConfigurationList = 010B29872E3ED6F700813938 /* Build configuration list for PBXNativeTarget "DonateablesTests" */;
			buildPhases = (
				010B296B2E3ED6F700813938 /* Sources */,
				010B296C2E3ED6F700813938 /* Frameworks */,
				010B296D2E3ED6F700813938 /* Resources */,
			);
			buildRules = (
			);
			dependencies = (
				010B29712E3ED6F700813938 /* PBXTargetDependency */,
			);
			fileSystemSynchronizedGroups = (
				010B29722E3ED6F700813938 /* DonateablesTests */,
			);
			name = DonateablesTests;
			packageProductDependencies = (
			);
			productName = DonateablesTests;
			productReference = 010B296F2E3ED6F700813938 /* DonateablesTests.xctest */;
			productType = "com.apple.product-type.bundle.unit-test";
		};
		010B29782E3ED6F700813938 /* DonateablesUITests */ = {
			isa = PBXNativeTarget;
			buildConfigurationList = 010B298A2E3ED6F700813938 /* Build configuration list for PBXNativeTarget "DonateablesUITests" */;
			buildPhases = (
				010B29752E3ED6F700813938 /* Sources */,
				010B29762E3ED6F700813938 /* Frameworks */,
				010B29772E3ED6F700813938 /* Resources */,
			);
			buildRules = (
			);
			dependencies = (
				010B297B2E3ED6F700813938 /* PBXTargetDependency */,
			);
			fileSystemSynchronizedGroups = (
				010B297C2E3ED6F700813938 /* DonateablesUITests */,
			);
			name = DonateablesUITests;
			packageProductDependencies = (
			);
			productName = DonateablesUITests;
			productReference = 010B29792E3ED6F700813938 /* DonateablesUITests.xctest */;
			productType = "com.apple.product-type.bundle.ui-testing";
		};
/* End PBXNativeTarget section */

/* Begin PBXProject section */
		010B29512E3ED6F500813938 /* Project object */ = {
			isa = PBXProject;
			attributes = {
				BuildIndependentTargetsInParallel = 1;
				LastSwiftUpdateCheck = 1640;
				LastUpgradeCheck = 1640;
				TargetAttributes = {
					010B29582E3ED6F500813938 = {
						CreatedOnToolsVersion = 16.4;
					};
					010B296E2E3ED6F700813938 = {
						CreatedOnToolsVersion = 16.4;
						TestTargetID = 010B29582E3ED6F500813938;
					};
					010B29782E3ED6F700813938 = {
						CreatedOnToolsVersion = 16.4;
						TestTargetID = 010B29582E3ED6F500813938;
					};
				};
			};
			buildConfigurationList = 010B29542E3ED6F500813938 /* Build configuration list for PBXProject "Donateables" */;
			developmentRegion = en;
			hasScannedForEncodings = 0;
			knownRegions = (
				en,
				Base,
			);
			mainGroup = 010B29502E3ED6F500813938;
			minimizedProjectReferenceProxies = 1;
			packageReferences = (
				010B29952E3ED92A00813938 /* XCRemoteSwiftPackageReference "firebase-ios-sdk" */,
			);
			preferredProjectObjectVersion = 77;
			productRefGroup = 010B295A2E3ED6F500813938 /* Products */;
			projectDirPath = "";
			projectRoot = "";
			targets = (
				010B29582E3ED6F500813938 /* Donateables */,
				010B296E2E3ED6F700813938 /* DonateablesTests */,
				010B29782E3ED6F700813938 /* DonateablesUITests */,
			);
		};
/* End PBXProject section */

/* Begin PBXResourcesBuildPhase section */
		010B29572E3ED6F500813938 /* Resources */ = {
			isa = PBXResourcesBuildPhase;
			buildActionMask = 2147483647;
			files = (
			);
			runOnlyForDeploymentPostprocessing = 0;
		};
		010B296D2E3ED6F700813938 /* Resources */ = {
			isa = PBXResourcesBuildPhase;
			buildActionMask = 2147483647;
			files = (
			);
			runOnlyForDeploymentPostprocessing = 0;
		};
		010B29772E3ED6F700813938 /* Resources */ = {
			isa = PBXResourcesBuildPhase;
			buildActionMask = 2147483647;
			files = (
			);
			runOnlyForDeploymentPostprocessing = 0;
		};
/* End PBXResourcesBuildPhase section */

/* Begin PBXSourcesBuildPhase section */
		010B29552E3ED6F500813938 /* Sources */ = {
			isa = PBXSourcesBuildPhase;
			buildActionMask = 2147483647;
			files = (
			);
			runOnlyForDeploymentPostprocessing = 0;
		};
		010B296B2E3ED6F700813938 /* Sources */ = {
			isa = PBXSourcesBuildPhase;
			buildActionMask = 2147483647;
			files = (
			);
			runOnlyForDeploymentPostprocessing = 0;
		};
		010B29752E3ED6F700813938 /* Sources */ = {
			isa = PBXSourcesBuildPhase;
			buildActionMask = 2147483647;
			files = (
			);
			runOnlyForDeploymentPostprocessing = 0;
		};
/* End PBXSourcesBuildPhase section */

/* Begin PBXTargetDependency section */
		010B29712E3ED6F700813938 /* PBXTargetDependency */ = {
			isa = PBXTargetDependency;
			target = 010B29582E3ED6F500813938 /* Donateables */;
			targetProxy = 010B29702E3ED6F700813938 /* PBXContainerItemProxy */;
		};
		010B297B2E3ED6F700813938 /* PBXTargetDependency */ = {
			isa = PBXTargetDependency;
			target = 010B29582E3ED6F500813938 /* Donateables */;
			targetProxy = 010B297A2E3ED6F700813938 /* PBXContainerItemProxy */;
		};
/* End PBXTargetDependency section */

/* Begin XCBuildConfiguration section */
		010B29832E3ED6F700813938 /* Debug */ = {
			isa = XCBuildConfiguration;
			buildSettings = {
				ASSETCATALOG_COMPILER_APPICON_NAME = AppIcon;
				ASSETCATALOG_COMPILER_GLOBAL_ACCENT_COLOR_NAME = AccentColor;
				CODE_SIGN_STYLE = Automatic;
				CURRENT_PROJECT_VERSION = 1;
				DEVELOPMENT_TEAM = "";
				GENERATE_INFOPLIST_FILE = YES;
				INFOPLIST_FILE = Donateables/Info.plist;
				INFOPLIST_KEY_UIApplicationSupportsIndirectInputEvents = YES;
				INFOPLIST_KEY_UILaunchStoryboardName = LaunchScreen;
				INFOPLIST_KEY_UIMainStoryboardFile = Main;
				INFOPLIST_KEY_UISupportedInterfaceOrientations_iPad = "UIInterfaceOrientationPortrait UIInterfaceOrientationPortraitUpsideDown UIInterfaceOrientationLandscapeLeft UIInterfaceOrientationLandscapeRight";
				INFOPLIST_KEY_UISupportedInterfaceOrientations_iPhone = "UIInterfaceOrientationPortrait UIInterfaceOrientationLandscapeLeft UIInterfaceOrientationLandscapeRight";
				LD_RUNPATH_SEARCH_PATHS = (
					"$(inherited)",
					"@executable_path/Frameworks",
				);
				MARKETING_VERSION = 1.0;
				PRODUCT_BUNDLE_IDENTIFIER = com.example.donateables;
				PRODUCT_NAME = "$(TARGET_NAME)";
				SWIFT_EMIT_LOC_STRINGS = YES;
				SWIFT_VERSION = 5.0;
				TARGETED_DEVICE_FAMILY = "1,2";
			};
			name = Debug;
		};
		010B29842E3ED6F700813938 /* Release */ = {
			isa = XCBuildConfiguration;
			buildSettings = {
				ASSETCATALOG_COMPILER_APPICON_NAME = AppIcon;
				ASSETCATALOG_COMPILER_GLOBAL_ACCENT_COLOR_NAME = AccentColor;
				CODE_SIGN_STYLE = Automatic;
				CURRENT_PROJECT_VERSION = 1;
				DEVELOPMENT_TEAM = "";
				GENERATE_INFOPLIST_FILE = YES;
				INFOPLIST_FILE = Donateables/Info.plist;
				INFOPLIST_KEY_UIApplicationSupportsIndirectInputEvents = YES;
				INFOPLIST_KEY_UILaunchStoryboardName = LaunchScreen;
				INFOPLIST_KEY_UIMainStoryboardFile = Main;
				INFOPLIST_KEY_UISupportedInterfaceOrientations_iPad = "UIInterfaceOrientationPortrait UIInterfaceOrientationPortraitUpsideDown UIInterfaceOrientationLandscapeLeft UIInterfaceOrientationLandscapeRight";
				INFOPLIST_KEY_UISupportedInterfaceOrientations_iPhone = "UIInterfaceOrientationPortrait UIInterfaceOrientationLandscapeLeft UIInterfaceOrientationLandscapeRight";
				LD_RUNPATH_SEARCH_PATHS = (
					"$(inherited)",
					"@executable_path/Frameworks",
				);
				MARKETING_VERSION = 1.0;
				PRODUCT_BUNDLE_IDENTIFIER = com.example.donateables;
				PRODUCT_NAME = "$(TARGET_NAME)";
				SWIFT_EMIT_LOC_STRINGS = YES;
				SWIFT_VERSION = 5.0;
				TARGETED_DEVICE_FAMILY = "1,2";
			};
			name = Release;
		};
		010B29852E3ED6F700813938 /* Debug */ = {
			isa = XCBuildConfiguration;
			buildSettings = {
				ALWAYS_SEARCH_USER_PATHS = NO;
				ASSETCATALOG_COMPILER_GENERATE_SWIFT_ASSET_SYMBOL_EXTENSIONS = YES;
				CLANG_ANALYZER_NONNULL = YES;
				CLANG_ANALYZER_NUMBER_OBJECT_CONVERSION = YES_AGGRESSIVE;
				CLANG_CXX_LANGUAGE_STANDARD = "gnu++20";
				CLANG_ENABLE_MODULES = YES;
				CLANG_ENABLE_OBJC_ARC = YES;
				CLANG_ENABLE_OBJC_WEAK = YES;
				CLANG_WARN_BLOCK_CAPTURE_AUTORELEASING = YES;
				CLANG_WARN_BOOL_CONVERSION = YES;
				CLANG_WARN_COMMA = YES;
				CLANG_WARN_CONSTANT_CONVERSION = YES;
				CLANG_WARN_DEPRECATED_OBJC_IMPLEMENTATIONS = YES;
				CLANG_WARN_DIRECT_OBJC_ISA_USAGE = YES_ERROR;
				CLANG_WARN_DOCUMENTATION_COMMENTS = YES;
				CLANG_WARN_EMPTY_BODY = YES;
				CLANG_WARN_ENUM_CONVERSION = YES;
				CLANG_WARN_INFINITE_RECURSION = YES;
				CLANG_WARN_INT_CONVERSION = YES;
				CLANG_WARN_NON_LITERAL_NULL_CONVERSION = YES;
				CLANG_WARN_OBJC_IMPLICIT_RETAIN_SELF = YES;
				CLANG_WARN_OBJC_LITERAL_CONVERSION = YES;
				CLANG_WARN_OBJC_ROOT_CLASS = YES_ERROR;
				CLANG_WARN_QUOTED_INCLUDE_IN_FRAMEWORK_HEADER = YES;
				CLANG_WARN_RANGE_LOOP_ANALYSIS = YES;
				CLANG_WARN_STRICT_PROTOTYPES = YES;
				CLANG_WARN_SUSPICIOUS_MOVE = YES;
				CLANG_WARN_UNGUARDED_AVAILABILITY = YES_AGGRESSIVE;
				CLANG_WARN_UNREACHABLE_CODE = YES;
				CLANG_WARN__DUPLICATE_METHOD_MATCH = YES;
				COPY_PHASE_STRIP = NO;
				DEBUG_INFORMATION_FORMAT = dwarf;
				ENABLE_STRICT_OBJC_MSGSEND = YES;
				ENABLE_TESTABILITY = YES;
				ENABLE_USER_SCRIPT_SANDBOXING = YES;
				GCC_C_LANGUAGE_STANDARD = gnu17;
				GCC_DYNAMIC_NO_PIC = NO;
				GCC_NO_COMMON_BLOCKS = YES;
				GCC_OPTIMIZATION_LEVEL = 0;
				GCC_PREPROCESSOR_DEFINITIONS = (
					"DEBUG=1",
					"$(inherited)",
				);
				GCC_WARN_64_TO_32_BIT_CONVERSION = YES;
				GCC_WARN_ABOUT_RETURN_TYPE = YES_ERROR;
				GCC_WARN_UNDECLARED_SELECTOR = YES;
				GCC_WARN_UNINITIALIZED_AUTOS = YES_AGGRESSIVE;
				GCC_WARN_UNUSED_FUNCTION = YES;
				GCC_WARN_UNUSED_VARIABLE = YES;
				IPHONEOS_DEPLOYMENT_TARGET = 18.5;
				LOCALIZATION_PREFERS_STRING_CATALOGS = YES;
				MTL_ENABLE_DEBUG_INFO = INCLUDE_SOURCE;
				MTL_FAST_MATH = YES;
				ONLY_ACTIVE_ARCH = YES;
				SDKROOT = iphoneos;
				SWIFT_ACTIVE_COMPILATION_CONDITIONS = "DEBUG $(inherited)";
				SWIFT_OPTIMIZATION_LEVEL = "-Onone";
			};
			name = Debug;
		};
		010B29862E3ED6F700813938 /* Release */ = {
			isa = XCBuildConfiguration;
			buildSettings = {
				ALWAYS_SEARCH_USER_PATHS = NO;
				ASSETCATALOG_COMPILER_GENERATE_SWIFT_ASSET_SYMBOL_EXTENSIONS = YES;
				CLANG_ANALYZER_NONNULL = YES;
				CLANG_ANALYZER_NUMBER_OBJECT_CONVERSION = YES_AGGRESSIVE;
				CLANG_CXX_LANGUAGE_STANDARD = "gnu++20";
				CLANG_ENABLE_MODULES = YES;
				CLANG_ENABLE_OBJC_ARC = YES;
				CLANG_ENABLE_OBJC_WEAK = YES;
				CLANG_WARN_BLOCK_CAPTURE_AUTORELEASING = YES;
				CLANG_WARN_BOOL_CONVERSION = YES;
				CLANG_WARN_COMMA = YES;
				CLANG_WARN_CONSTANT_CONVERSION = YES;
				CLANG_WARN_DEPRECATED_OBJC_IMPLEMENTATIONS = YES;
				CLANG_WARN_DIRECT_OBJC_ISA_USAGE = YES_ERROR;
				CLANG_WARN_DOCUMENTATION_COMMENTS = YES;
				CLANG_WARN_EMPTY_BODY = YES;
				CLANG_WARN_ENUM_CONVERSION = YES;
				CLANG_WARN_INFINITE_RECURSION = YES;
				CLANG_WARN_INT_CONVERSION = YES;
				CLANG_WARN_NON_LITERAL_NULL_CONVERSION = YES;
				CLANG_WARN_OBJC_IMPLICIT_RETAIN_SELF = YES;
				CLANG_WARN_OBJC_LITERAL_CONVERSION = YES;
				CLANG_WARN_OBJC_ROOT_CLASS = YES_ERROR;
				CLANG_WARN_QUOTED_INCLUDE_IN_FRAMEWORK_HEADER = YES;
				CLANG_WARN_RANGE_LOOP_ANALYSIS = YES;
				CLANG_WARN_STRICT_PROTOTYPES = YES;
				CLANG_WARN_SUSPICIOUS_MOVE = YES;
				CLANG_WARN_UNGUARDED_AVAILABILITY = YES_AGGRESSIVE;
				CLANG_WARN_UNREACHABLE_CODE = YES;
				CLANG_WARN__DUPLICATE_METHOD_MATCH = YES;
				COPY_PHASE_STRIP = NO;
				DEBUG_INFORMATION_FORMAT = "dwarf-with-dsym";
				ENABLE_NS_ASSERTIONS = NO;
				ENABLE_STRICT_OBJC_MSGSEND = YES;
				ENABLE_USER_SCRIPT_SANDBOXING = YES;
				GCC_C_LANGUAGE_STANDARD = gnu17;
				GCC_NO_COMMON_BLOCKS = YES;
				GCC_WARN_64_TO_32_BIT_CONVERSION = YES;
				GCC_WARN_ABOUT_RETURN_TYPE = YES_ERROR;
				GCC_WARN_UNDECLARED_SELECTOR = YES;
				GCC_WARN_UNINITIALIZED_AUTOS = YES_AGGRESSIVE;
				GCC_WARN_UNUSED_FUNCTION = YES;
				GCC_WARN_UNUSED_VARIABLE = YES;
				IPHONEOS_DEPLOYMENT_TARGET = 18.5;
				LOCALIZATION_PREFERS_STRING_CATALOGS = YES;
				MTL_ENABLE_DEBUG_INFO = NO;
				MTL_FAST_MATH = YES;
				SDKROOT = iphoneos;
				SWIFT_COMPILATION_MODE = wholemodule;
				VALIDATE_PRODUCT = YES;
			};
			name = Release;
		};
		010B29882E3ED6F700813938 /* Debug */ = {
			isa = XCBuildConfiguration;
			buildSettings = {
				BUNDLE_LOADER = "$(TEST_HOST)";
				CODE_SIGN_STYLE = Automatic;
				CURRENT_PROJECT_VERSION = 1;
				GENERATE_INFOPLIST_FILE = YES;
				IPHONEOS_DEPLOYMENT_TARGET = 18.5;
				MARKETING_VERSION = 1.0;
				PRODUCT_BUNDLE_IDENTIFIER = com.example.donateables.DonateablesTests;
				PRODUCT_NAME = "$(TARGET_NAME)";
				SWIFT_EMIT_LOC_STRINGS = NO;
				SWIFT_VERSION = 5.0;
				TARGETED_DEVICE_FAMILY = "1,2";
				TEST_HOST = "$(BUILT_PRODUCTS_DIR)/Donateables.app/$(BUNDLE_EXECUTABLE_FOLDER_PATH)/Donateables";
			};
			name = Debug;
		};
		010B29892E3ED6F700813938 /* Release */ = {
			isa = XCBuildConfiguration;
			buildSettings = {
				BUNDLE_LOADER = "$(TEST_HOST)";
				CODE_SIGN_STYLE = Automatic;
				CURRENT_PROJECT_VERSION = 1;
				GENERATE_INFOPLIST_FILE = YES;
				IPHONEOS_DEPLOYMENT_TARGET = 18.5;
				MARKETING_VERSION = 1.0;
				PRODUCT_BUNDLE_IDENTIFIER = com.example.donateables.DonateablesTests;
				PRODUCT_NAME = "$(TARGET_NAME)";
				SWIFT_EMIT_LOC_STRINGS = NO;
				SWIFT_VERSION = 5.0;
				TARGETED_DEVICE_FAMILY = "1,2";
				TEST_HOST = "$(BUILT_PRODUCTS_DIR)/Donateables.app/$(BUNDLE_EXECUTABLE_FOLDER_PATH)/Donateables";
			};
			name = Release;
		};
		010B298B2E3ED6F700813938 /* Debug */ = {
			isa = XCBuildConfiguration;
			buildSettings = {
				CODE_SIGN_STYLE = Automatic;
				CURRENT_PROJECT_VERSION = 1;
				GENERATE_INFOPLIST_FILE = YES;
				MARKETING_VERSION = 1.0;
				PRODUCT_BUNDLE_IDENTIFIER = com.example.donateables.DonateablesUITests;
				PRODUCT_NAME = "$(TARGET_NAME)";
				SWIFT_EMIT_LOC_STRINGS = NO;
				SWIFT_VERSION = 5.0;
				TARGETED_DEVICE_FAMILY = "1,2";
				TEST_TARGET_NAME = Donateables;
			};
			name = Debug;
		};
		010B298C2E3ED6F700813938 /* Release */ = {
			isa = XCBuildConfiguration;
			buildSettings = {
				CODE_SIGN_STYLE = Automatic;
				CURRENT_PROJECT_VERSION = 1;
				GENERATE_INFOPLIST_FILE = YES;
				MARKETING_VERSION = 1.0;
				PRODUCT_BUNDLE_IDENTIFIER = com.example.donateables.DonateablesUITests;
				PRODUCT_NAME = "$(TARGET_NAME)";
				SWIFT_EMIT_LOC_STRINGS = NO;
				SWIFT_VERSION = 5.0;
				TARGETED_DEVICE_FAMILY = "1,2";
				TEST_TARGET_NAME = Donateables;
			};
			name = Release;
		};
/* End XCBuildConfiguration section */

/* Begin XCConfigurationList section */
		010B29542E3ED6F500813938 /* Build configuration list for PBXProject "Donateables" */ = {
			isa = XCConfigurationList;
			buildConfigurations = (
				010B29852E3ED6F700813938 /* Debug */,
				010B29862E3ED6F700813938 /* Release */,
			);
			defaultConfigurationIsVisible = 0;
			defaultConfigurationName = Release;
		};
		010B29822E3ED6F700813938 /* Build configuration list for PBXNativeTarget "Donateables" */ = {
			isa = XCConfigurationList;
			buildConfigurations = (
				010B29832E3ED6F700813938 /* Debug */,
				010B29842E3ED6F700813938 /* Release */,
			);
			defaultConfigurationIsVisible = 0;
			defaultConfigurationName = Release;
		};
		010B29872E3ED6F700813938 /* Build configuration list for PBXNativeTarget "DonateablesTests" */ = {
			isa = XCConfigurationList;
			buildConfigurations = (
				010B29882E3ED6F700813938 /* Debug */,
				010B29892E3ED6F700813938 /* Release */,
			);
			defaultConfigurationIsVisible = 0;
			defaultConfigurationName = Release;
		};
		010B298A2E3ED6F700813938 /* Build configuration list for PBXNativeTarget "DonateablesUITests" */ = {
			isa = XCConfigurationList;
			buildConfigurations = (
				010B298B2E3ED6F700813938 /* Debug */,
				010B298C2E3ED6F700813938 /* Release */,
			);
			defaultConfigurationIsVisible = 0;
			defaultConfigurationName = Release;
		};
/* End XCConfigurationList section */

/* Begin XCRemoteSwiftPackageReference section */
		010B29952E3ED92A00813938 /* XCRemoteSwiftPackageReference "firebase-ios-sdk" */ = {
			isa = XCRemoteSwiftPackageReference;
			repositoryURL = "https://github.com/firebase/firebase-ios-sdk";
			requirement = {
				kind = upToNextMajorVersion;
				minimumVersion = 12.0.0;
			};
		};
/* End XCRemoteSwiftPackageReference section */

/* Begin XCSwiftPackageProductDependency section */
		010B29982E3EDB0700813938 /* FirebaseAuth */ = {
			isa = XCSwiftPackageProductDependency;
			package = 010B29952E3ED92A00813938 /* XCRemoteSwiftPackageReference "firebase-ios-sdk" */;
			productName = FirebaseAuth;
		};
		010B299A2E3EDB0700813938 /* FirebaseDatabase */ = {
			isa = XCSwiftPackageProductDependency;
			package = 010B29952E3ED92A00813938 /* XCRemoteSwiftPackageReference "firebase-ios-sdk" */;
			productName = FirebaseDatabase;
		};
/* End XCSwiftPackageProductDependency section */
	};
	rootObject = 010B29512E3ED6F500813938 /* Project object */;
}
